
Microsoft Visual Studio Solution File, Format Version 12.00
# Visual Studio Version 17
VisualStudioVersion = 17.12.35506.116
MinimumVisualStudioVersion = 10.0.40219.1
Project("{FAE04EC0-301F-11D3-BF4B-00C04F79EFBC}") = "GeneralDLL", "GeneralDLL\GeneralDLL.csproj", "{006F6B41-00B7-E423-991F-7A1F45218652}"
EndProject
Project("{2150E333-8FDC-42A3-9474-1A3956D46DE8}") = "T1_NormalQueue", "T1_NormalQueue", "{02EA681E-C7D8-13C7-8484-4AC65E1B71E8}"
EndProject
Project("{FAE04EC0-301F-11D3-BF4B-00C04F79EFBC}") = "Sender", "NormalQueue\Sender\Sender.csproj", "{E3899684-3640-42AF-A9D9-478E64346D88}"
EndProject
Project("{FAE04EC0-301F-11D3-BF4B-00C04F79EFBC}") = "Consumer", "NormalQueue\Consumer\Consumer.csproj", "{5672B663-B2CF-5506-AB34-FCB474412C71}"
EndProject
Project("{2150E333-8FDC-42A3-9474-1A3956D46DE8}") = "T2_DirectQueue_ExchangeWithRouteKey", "T2_DirectQueue_ExchangeWithRouteKey", "{634A9C27-7D5E-4850-A239-FDF179BC0EFF}"
EndProject
Project("{FAE04EC0-301F-11D3-BF4B-00C04F79EFBC}") = "Sender", "DirectQueue\Sender\Sender.csproj", "{B3D39EE6-36B2-5851-CCA8-17D79A33EC13}"
EndProject
Project("{FAE04EC0-301F-11D3-BF4B-00C04F79EFBC}") = "Consumer", "DirectQueue\Consumer\Consumer.csproj", "{ED901ED4-1D3A-7855-1385-F512DB002C7C}"
EndProject
Project("{2150E333-8FDC-42A3-9474-1A3956D46DE8}") = "T3_FanoutQueue_ExchangeWithoutRouteKey", "T3_FanoutQueue_ExchangeWithoutRouteKey", "{E4D39A07-4E41-4286-9FB6-0D61DF929D22}"
EndProject
Project("{FAE04EC0-301F-11D3-BF4B-00C04F79EFBC}") = "Sender", "FanoutQueue\Sender\Sender.csproj", "{205543ED-6530-D86C-491C-7B9CAE6C04EC}"
EndProject
Project("{FAE04EC0-301F-11D3-BF4B-00C04F79EFBC}") = "Consumer", "FanoutQueue\Consumer\Consumer.csproj", "{847DDA60-6D78-E6DE-6379-3E9ABA6DDB29}"
EndProject
Project("{FAE04EC0-301F-11D3-BF4B-00C04F79EFBC}") = "Sender", "TopicQueue\Sender\Sender.csproj", "{E7F8CE96-CCF3-E8D9-74A4-299AA09C2524}"
EndProject
Project("{FAE04EC0-301F-11D3-BF4B-00C04F79EFBC}") = "Consumer", "TopicQueue\Consumer\Consumer.csproj", "{25F911EC-893A-22C3-D9CF-B732454DCC42}"
EndProject
Project("{2150E333-8FDC-42A3-9474-1A3956D46DE8}") = "T4_TopicQueue_ConditionalRoute", "T4_TopicQueue_ConditionalRoute", "{A8783DF2-7093-4AC4-A88E-940407BE73CA}"
EndProject
Project("{2150E333-8FDC-42A3-9474-1A3956D46DE8}") = "T5_RPCQueue", "T5_RPCQueue", "{BFBA3D3E-0024-4A04-8B05-8EED24DFEB93}"
EndProject
Project("{FAE04EC0-301F-11D3-BF4B-00C04F79EFBC}") = "Sender", "RPCQueue\Sender\Sender.csproj", "{E4FF6249-DB05-9EE0-99EB-0E399A21B07D}"
EndProject
Project("{FAE04EC0-301F-11D3-BF4B-00C04F79EFBC}") = "Consumer", "RPCQueue\Consumer\Consumer.csproj", "{F4115945-D8C6-66C2-D43A-591F60D88F45}"
EndProject
Project("{2150E333-8FDC-42A3-9474-1A3956D46DE8}") = "T5_RPCQueueSeparate Analyze", "T5_RPCQueueSeparate Analyze", "{C6427E00-39BB-4092-B7E0-9902EA4F9ABE}"
EndProject
Project("{FAE04EC0-301F-11D3-BF4B-00C04F79EFBC}") = "Sender", "RPCQueueSeperateAnalyze\Sender\Sender.csproj", "{E5097139-C382-D12A-3C07-65DB6D95DC17}"
EndProject
Project("{FAE04EC0-301F-11D3-BF4B-00C04F79EFBC}") = "Consumer", "RPCQueueSeperateAnalyze\Consumer\Consumer.csproj", "{4B14FBE5-0603-60EF-15AC-47849164B908}"
EndProject
Global
	GlobalSection(SolutionConfigurationPlatforms) = preSolution
		Debug|Any CPU = Debug|Any CPU
		Release|Any CPU = Release|Any CPU
	EndGlobalSection
	GlobalSection(ProjectConfigurationPlatforms) = postSolution
		{006F6B41-00B7-E423-991F-7A1F45218652}.Debug|Any CPU.ActiveCfg = Debug|Any CPU
		{006F6B41-00B7-E423-991F-7A1F45218652}.Debug|Any CPU.Build.0 = Debug|Any CPU
		{006F6B41-00B7-E423-991F-7A1F45218652}.Release|Any CPU.ActiveCfg = Release|Any CPU
		{006F6B41-00B7-E423-991F-7A1F45218652}.Release|Any CPU.Build.0 = Release|Any CPU
		{E3899684-3640-42AF-A9D9-478E64346D88}.Debug|Any CPU.ActiveCfg = Debug|Any CPU
		{E3899684-3640-42AF-A9D9-478E64346D88}.Debug|Any CPU.Build.0 = Debug|Any CPU
		{E3899684-3640-42AF-A9D9-478E64346D88}.Release|Any CPU.ActiveCfg = Release|Any CPU
		{E3899684-3640-42AF-A9D9-478E64346D88}.Release|Any CPU.Build.0 = Release|Any CPU
		{5672B663-B2CF-5506-AB34-FCB474412C71}.Debug|Any CPU.ActiveCfg = Debug|Any CPU
		{5672B663-B2CF-5506-AB34-FCB474412C71}.Debug|Any CPU.Build.0 = Debug|Any CPU
		{5672B663-B2CF-5506-AB34-FCB474412C71}.Release|Any CPU.ActiveCfg = Release|Any CPU
		{5672B663-B2CF-5506-AB34-FCB474412C71}.Release|Any CPU.Build.0 = Release|Any CPU
		{B3D39EE6-36B2-5851-CCA8-17D79A33EC13}.Debug|Any CPU.ActiveCfg = Debug|Any CPU
		{B3D39EE6-36B2-5851-CCA8-17D79A33EC13}.Debug|Any CPU.Build.0 = Debug|Any CPU
		{B3D39EE6-36B2-5851-CCA8-17D79A33EC13}.Release|Any CPU.ActiveCfg = Release|Any CPU
		{B3D39EE6-36B2-5851-CCA8-17D79A33EC13}.Release|Any CPU.Build.0 = Release|Any CPU
		{ED901ED4-1D3A-7855-1385-F512DB002C7C}.Debug|Any CPU.ActiveCfg = Debug|Any CPU
		{ED901ED4-1D3A-7855-1385-F512DB002C7C}.Debug|Any CPU.Build.0 = Debug|Any CPU
		{ED901ED4-1D3A-7855-1385-F512DB002C7C}.Release|Any CPU.ActiveCfg = Release|Any CPU
		{ED901ED4-1D3A-7855-1385-F512DB002C7C}.Release|Any CPU.Build.0 = Release|Any CPU
		{205543ED-6530-D86C-491C-7B9CAE6C04EC}.Debug|Any CPU.ActiveCfg = Debug|Any CPU
		{205543ED-6530-D86C-491C-7B9CAE6C04EC}.Debug|Any CPU.Build.0 = Debug|Any CPU
		{205543ED-6530-D86C-491C-7B9CAE6C04EC}.Release|Any CPU.ActiveCfg = Release|Any CPU
		{205543ED-6530-D86C-491C-7B9CAE6C04EC}.Release|Any CPU.Build.0 = Release|Any CPU
		{847DDA60-6D78-E6DE-6379-3E9ABA6DDB29}.Debug|Any CPU.ActiveCfg = Debug|Any CPU
		{847DDA60-6D78-E6DE-6379-3E9ABA6DDB29}.Debug|Any CPU.Build.0 = Debug|Any CPU
		{847DDA60-6D78-E6DE-6379-3E9ABA6DDB29}.Release|Any CPU.ActiveCfg = Release|Any CPU
		{847DDA60-6D78-E6DE-6379-3E9ABA6DDB29}.Release|Any CPU.Build.0 = Release|Any CPU
		{E7F8CE96-CCF3-E8D9-74A4-299AA09C2524}.Debug|Any CPU.ActiveCfg = Debug|Any CPU
		{E7F8CE96-CCF3-E8D9-74A4-299AA09C2524}.Debug|Any CPU.Build.0 = Debug|Any CPU
		{E7F8CE96-CCF3-E8D9-74A4-299AA09C2524}.Release|Any CPU.ActiveCfg = Release|Any CPU
		{E7F8CE96-CCF3-E8D9-74A4-299AA09C2524}.Release|Any CPU.Build.0 = Release|Any CPU
		{25F911EC-893A-22C3-D9CF-B732454DCC42}.Debug|Any CPU.ActiveCfg = Debug|Any CPU
		{25F911EC-893A-22C3-D9CF-B732454DCC42}.Debug|Any CPU.Build.0 = Debug|Any CPU
		{25F911EC-893A-22C3-D9CF-B732454DCC42}.Release|Any CPU.ActiveCfg = Release|Any CPU
		{25F911EC-893A-22C3-D9CF-B732454DCC42}.Release|Any CPU.Build.0 = Release|Any CPU
		{E4FF6249-DB05-9EE0-99EB-0E399A21B07D}.Debug|Any CPU.ActiveCfg = Debug|Any CPU
		{E4FF6249-DB05-9EE0-99EB-0E399A21B07D}.Debug|Any CPU.Build.0 = Debug|Any CPU
		{E4FF6249-DB05-9EE0-99EB-0E399A21B07D}.Release|Any CPU.ActiveCfg = Release|Any CPU
		{E4FF6249-DB05-9EE0-99EB-0E399A21B07D}.Release|Any CPU.Build.0 = Release|Any CPU
		{F4115945-D8C6-66C2-D43A-591F60D88F45}.Debug|Any CPU.ActiveCfg = Debug|Any CPU
		{F4115945-D8C6-66C2-D43A-591F60D88F45}.Debug|Any CPU.Build.0 = Debug|Any CPU
		{F4115945-D8C6-66C2-D43A-591F60D88F45}.Release|Any CPU.ActiveCfg = Release|Any CPU
		{F4115945-D8C6-66C2-D43A-591F60D88F45}.Release|Any CPU.Build.0 = Release|Any CPU
		{E5097139-C382-D12A-3C07-65DB6D95DC17}.Debug|Any CPU.ActiveCfg = Debug|Any CPU
		{E5097139-C382-D12A-3C07-65DB6D95DC17}.Debug|Any CPU.Build.0 = Debug|Any CPU
		{E5097139-C382-D12A-3C07-65DB6D95DC17}.Release|Any CPU.ActiveCfg = Release|Any CPU
		{E5097139-C382-D12A-3C07-65DB6D95DC17}.Release|Any CPU.Build.0 = Release|Any CPU
		{4B14FBE5-0603-60EF-15AC-47849164B908}.Debug|Any CPU.ActiveCfg = Debug|Any CPU
		{4B14FBE5-0603-60EF-15AC-47849164B908}.Debug|Any CPU.Build.0 = Debug|Any CPU
		{4B14FBE5-0603-60EF-15AC-47849164B908}.Release|Any CPU.ActiveCfg = Release|Any CPU
		{4B14FBE5-0603-60EF-15AC-47849164B908}.Release|Any CPU.Build.0 = Release|Any CPU
	EndGlobalSection
	GlobalSection(SolutionProperties) = preSolution
		HideSolutionNode = FALSE
	EndGlobalSection
	GlobalSection(NestedProjects) = preSolution
		{E3899684-3640-42AF-A9D9-478E64346D88} = {02EA681E-C7D8-13C7-8484-4AC65E1B71E8}
		{5672B663-B2CF-5506-AB34-FCB474412C71} = {02EA681E-C7D8-13C7-8484-4AC65E1B71E8}
		{B3D39EE6-36B2-5851-CCA8-17D79A33EC13} = {634A9C27-7D5E-4850-A239-FDF179BC0EFF}
		{ED901ED4-1D3A-7855-1385-F512DB002C7C} = {634A9C27-7D5E-4850-A239-FDF179BC0EFF}
		{205543ED-6530-D86C-491C-7B9CAE6C04EC} = {E4D39A07-4E41-4286-9FB6-0D61DF929D22}
		{847DDA60-6D78-E6DE-6379-3E9ABA6DDB29} = {E4D39A07-4E41-4286-9FB6-0D61DF929D22}
		{E7F8CE96-CCF3-E8D9-74A4-299AA09C2524} = {A8783DF2-7093-4AC4-A88E-940407BE73CA}
		{25F911EC-893A-22C3-D9CF-B732454DCC42} = {A8783DF2-7093-4AC4-A88E-940407BE73CA}
		{E4FF6249-DB05-9EE0-99EB-0E399A21B07D} = {BFBA3D3E-0024-4A04-8B05-8EED24DFEB93}
		{F4115945-D8C6-66C2-D43A-591F60D88F45} = {BFBA3D3E-0024-4A04-8B05-8EED24DFEB93}
		{E5097139-C382-D12A-3C07-65DB6D95DC17} = {C6427E00-39BB-4092-B7E0-9902EA4F9ABE}
		{4B14FBE5-0603-60EF-15AC-47849164B908} = {C6427E00-39BB-4092-B7E0-9902EA4F9ABE}
	EndGlobalSection
	GlobalSection(ExtensibilityGlobals) = postSolution
		SolutionGuid = {F1F5343C-0EFA-4ACC-B66F-4AEEA5086AFB}
	EndGlobalSection
EndGlobal
